
Microsoft Visual Studio Solution File, Format Version 12.00
# Visual Studio Version 17
VisualStudioVersion = 17.1.32228.430
MinimumVisualStudioVersion = 10.0.40219.1
Project("{FAE04EC0-301F-11D3-BF4B-00C04F79EFBC}") = "School Management System", "School Management System\School Management System.csproj", "{FBB744D2-DAB9-4781-99AD-07B7B7F552F9}"
EndProject
Global
	GlobalSection(SolutionConfigurationPlatforms) = preSolution
		Debug|Any CPU = Debug|Any CPU
		Release|Any CPU = Release|Any CPU
	EndGlobalSection
	GlobalSection(ProjectConfigurationPlatforms) = postSolution
		{FBB744D2-DAB9-4781-99AD-07B7B7F552F9}.Debug|Any CPU.ActiveCfg = Debug|Any CPU
		{FBB744D2-DAB9-4781-99AD-07B7B7F552F9}.Debug|Any CPU.Build.0 = Debug|Any CPU
		{FBB744D2-DAB9-4781-99AD-07B7B7F552F9}.Release|Any CPU.ActiveCfg = Release|Any CPU
		{FBB744D2-DAB9-4781-99AD-07B7B7F552F9}.Release|Any CPU.Build.0 = Release|Any CPU
	EndGlobalSection
	GlobalSection(SolutionProperties) = preSolution
		HideSolutionNode = FALSE
	EndGlobalSection
	GlobalSection(ExtensibilityGlobals) = postSolution
		SolutionGuid = {DD5D37BB-EF2E-46CE-B8C9-223C795AE51B}
	EndGlobalSection
EndGlobal
